
Microsoft Visual Studio Solution File, Format Version 12.00
# Visual Studio 15
VisualStudioVersion = 15.0.28307.106
MinimumVisualStudioVersion = 10.0.40219.1
Project("{FAE04EC0-301F-11D3-BF4B-00C04F79EFBC}") = "LExiDocumentsEditor", "LExiDocumentsEditor\LExiDocumentsEditor.csproj", "{8D5A7A64-AD13-4B80-B607-BCB630C0B009}"
EndProject
Global
	GlobalSection(SolutionConfigurationPlatforms) = preSolution
		Debug|Any CPU = Debug|Any CPU
		Release|Any CPU = Release|Any CPU
	EndGlobalSection
	GlobalSection(ProjectConfigurationPlatforms) = postSolution
		{8D5A7A64-AD13-4B80-B607-BCB630C0B009}.Debug|Any CPU.ActiveCfg = Debug|Any CPU
		{8D5A7A64-AD13-4B80-B607-BCB630C0B009}.Debug|Any CPU.Build.0 = Debug|Any CPU
		{8D5A7A64-AD13-4B80-B607-BCB630C0B009}.Release|Any CPU.ActiveCfg = Release|Any CPU
		{8D5A7A64-AD13-4B80-B607-BCB630C0B009}.Release|Any CPU.Build.0 = Release|Any CPU
	EndGlobalSection
	GlobalSection(SolutionProperties) = preSolution
		HideSolutionNode = FALSE
	EndGlobalSection
	GlobalSection(ExtensibilityGlobals) = postSolution
		SolutionGuid = {A05BC76A-7FC9-40F9-915A-9EC8F3042C60}
	EndGlobalSection
EndGlobal
